# This file is autogenerated, do not edit; changes may be undone by the next 'dep ensure'.


[[projects]]
  name = "golang.org/x/crypto"
  packages = ["ssh/terminal"]
  revision = "dd85ac7e6a88fc6ca420478e934de5f1a42dd3c6"

[[projects]]
  branch = "master"
  name = "golang.org/x/net"
  packages = ["context"]
  revision = "0ed95abb35c445290478a5348a7b38bb154135fd"

[[projects]]
  branch = "master"
  name = "golang.org/x/sys"
  packages = ["unix"]
  revision = "03467258950d845cd1877eab69461b98e8c09219"

[solve-meta]
  analyzer-name = "dep"
  analyzer-version = 1
  inputs-digest = "56ce93ea23be65b938e5ead1eb07aa211c5f6e253ab1da368a680808fe630b44"
  solver-name = "gps-cdcl"
  solver-version = 1
